
Microsoft Visual Studio Solution File, Format Version 12.00
# Visual Studio Version 17
VisualStudioVersion = 17.7.34202.233
MinimumVisualStudioVersion = 10.0.40219.1
Project("{FAE04EC0-301F-11D3-BF4B-00C04F79EFBC}") = "GreenMailing.EntityLayer", "GreenMailing.EntityLayer\GreenMailing.EntityLayer.csproj", "{CC67AB25-2CB4-4351-91C4-BA00A799D4E5}"
EndProject
Project("{FAE04EC0-301F-11D3-BF4B-00C04F79EFBC}") = "GreenMailing.DataAccessLayer", "GreenMailing.DataAccessLayer\GreenMailing.DataAccessLayer.csproj", "{6920342D-41F1-46E6-923B-3E6010369AD2}"
EndProject
Project("{FAE04EC0-301F-11D3-BF4B-00C04F79EFBC}") = "GreenMailing.BusinessLayer", "GreenMailing.BusinessLayer\GreenMailing.BusinessLayer.csproj", "{1D4144DE-F5A1-46A4-BAF7-516351EE9AE8}"
EndProject
Project("{FAE04EC0-301F-11D3-BF4B-00C04F79EFBC}") = "GreenMailing.WebApplicationLayer", "GreenMailing.WebApplicationLayer\GreenMailing.WebApplicationLayer.csproj", "{2A1B31A2-38FE-40EE-A12D-70090C5D7ABC}"
EndProject
Global
	GlobalSection(SolutionConfigurationPlatforms) = preSolution
		Debug|Any CPU = Debug|Any CPU
		Release|Any CPU = Release|Any CPU
	EndGlobalSection
	GlobalSection(ProjectConfigurationPlatforms) = postSolution
		{CC67AB25-2CB4-4351-91C4-BA00A799D4E5}.Debug|Any CPU.ActiveCfg = Debug|Any CPU
		{CC67AB25-2CB4-4351-91C4-BA00A799D4E5}.Debug|Any CPU.Build.0 = Debug|Any CPU
		{CC67AB25-2CB4-4351-91C4-BA00A799D4E5}.Release|Any CPU.ActiveCfg = Release|Any CPU
		{CC67AB25-2CB4-4351-91C4-BA00A799D4E5}.Release|Any CPU.Build.0 = Release|Any CPU
		{6920342D-41F1-46E6-923B-3E6010369AD2}.Debug|Any CPU.ActiveCfg = Debug|Any CPU
		{6920342D-41F1-46E6-923B-3E6010369AD2}.Debug|Any CPU.Build.0 = Debug|Any CPU
		{6920342D-41F1-46E6-923B-3E6010369AD2}.Release|Any CPU.ActiveCfg = Release|Any CPU
		{6920342D-41F1-46E6-923B-3E6010369AD2}.Release|Any CPU.Build.0 = Release|Any CPU
		{1D4144DE-F5A1-46A4-BAF7-516351EE9AE8}.Debug|Any CPU.ActiveCfg = Debug|Any CPU
		{1D4144DE-F5A1-46A4-BAF7-516351EE9AE8}.Debug|Any CPU.Build.0 = Debug|Any CPU
		{1D4144DE-F5A1-46A4-BAF7-516351EE9AE8}.Release|Any CPU.ActiveCfg = Release|Any CPU
		{1D4144DE-F5A1-46A4-BAF7-516351EE9AE8}.Release|Any CPU.Build.0 = Release|Any CPU
		{2A1B31A2-38FE-40EE-A12D-70090C5D7ABC}.Debug|Any CPU.ActiveCfg = Debug|Any CPU
		{2A1B31A2-38FE-40EE-A12D-70090C5D7ABC}.Debug|Any CPU.Build.0 = Debug|Any CPU
		{2A1B31A2-38FE-40EE-A12D-70090C5D7ABC}.Release|Any CPU.ActiveCfg = Release|Any CPU
		{2A1B31A2-38FE-40EE-A12D-70090C5D7ABC}.Release|Any CPU.Build.0 = Release|Any CPU
	EndGlobalSection
	GlobalSection(SolutionProperties) = preSolution
		HideSolutionNode = FALSE
	EndGlobalSection
	GlobalSection(ExtensibilityGlobals) = postSolution
		SolutionGuid = {E90546D5-9B7F-4C53-9F83-591AF20065AB}
	EndGlobalSection
EndGlobal
